
Microsoft Visual Studio Solution File, Format Version 12.00
# Visual Studio Version 17
VisualStudioVersion = 17.4.33213.308
MinimumVisualStudioVersion = 10.0.40219.1
Project("{FAE04EC0-301F-11D3-BF4B-00C04F79EFBC}") = "Train", "Train\Train.csproj", "{9799C256-DB38-4B3E-B30D-70E235D0CB7B}"
EndProject
Global
	GlobalSection(SolutionConfigurationPlatforms) = preSolution
		Debug|Any CPU = Debug|Any CPU
		Release|Any CPU = Release|Any CPU
	EndGlobalSection
	GlobalSection(ProjectConfigurationPlatforms) = postSolution
		{9799C256-DB38-4B3E-B30D-70E235D0CB7B}.Debug|Any CPU.ActiveCfg = Debug|Any CPU
		{9799C256-DB38-4B3E-B30D-70E235D0CB7B}.Debug|Any CPU.Build.0 = Debug|Any CPU
		{9799C256-DB38-4B3E-B30D-70E235D0CB7B}.Release|Any CPU.ActiveCfg = Release|Any CPU
		{9799C256-DB38-4B3E-B30D-70E235D0CB7B}.Release|Any CPU.Build.0 = Release|Any CPU
	EndGlobalSection
	GlobalSection(SolutionProperties) = preSolution
		HideSolutionNode = FALSE
	EndGlobalSection
	GlobalSection(ExtensibilityGlobals) = postSolution
		SolutionGuid = {0C2AD185-1D10-47C2-84AA-47E1403E9C2B}
	EndGlobalSection
EndGlobal
